
Microsoft Visual Studio Solution File, Format Version 12.00
# Visual Studio Version 17
VisualStudioVersion = 17.10.34916.146
MinimumVisualStudioVersion = 10.0.40219.1
Project("{FAE04EC0-301F-11D3-BF4B-00C04F79EFBC}") = "Escola1", "Escola1\Escola1.csproj", "{6C2F9096-7A9B-4F4C-B241-4AD60DD5F1D7}"
EndProject
Global
	GlobalSection(SolutionConfigurationPlatforms) = preSolution
		Debug|Any CPU = Debug|Any CPU
		Release|Any CPU = Release|Any CPU
	EndGlobalSection
	GlobalSection(ProjectConfigurationPlatforms) = postSolution
		{6C2F9096-7A9B-4F4C-B241-4AD60DD5F1D7}.Debug|Any CPU.ActiveCfg = Debug|Any CPU
		{6C2F9096-7A9B-4F4C-B241-4AD60DD5F1D7}.Debug|Any CPU.Build.0 = Debug|Any CPU
		{6C2F9096-7A9B-4F4C-B241-4AD60DD5F1D7}.Release|Any CPU.ActiveCfg = Release|Any CPU
		{6C2F9096-7A9B-4F4C-B241-4AD60DD5F1D7}.Release|Any CPU.Build.0 = Release|Any CPU
	EndGlobalSection
	GlobalSection(SolutionProperties) = preSolution
		HideSolutionNode = FALSE
	EndGlobalSection
	GlobalSection(ExtensibilityGlobals) = postSolution
		SolutionGuid = {5414F27C-1750-406F-BC0C-92D1855181AA}
	EndGlobalSection
EndGlobal
